
Microsoft Visual Studio Solution File, Format Version 12.00
# Visual Studio Version 16
VisualStudioVersion = 16.0.30711.63
MinimumVisualStudioVersion = 10.0.40219.1
Project("{FAE04EC0-301F-11D3-BF4B-00C04F79EFBC}") = "Vasconcellos.HealthChecks.Core", "Vasconcellos.HealthChecks.Core\Vasconcellos.HealthChecks.Core.csproj", "{D7BCB220-D574-4DF4-B215-8B5FEB5E322E}"
EndProject
Project("{FAE04EC0-301F-11D3-BF4B-00C04F79EFBC}") = "Vasconcellos.HealthChecks.PostgreSQL", "Vasconcellos.HealthChecks.PostgreSQL\Vasconcellos.HealthChecks.PostgreSQL.csproj", "{A345D83F-54D9-447F-9825-78F74EABD1AB}"
EndProject
Global
	GlobalSection(SolutionConfigurationPlatforms) = preSolution
		Debug|Any CPU = Debug|Any CPU
		Release|Any CPU = Release|Any CPU
	EndGlobalSection
	GlobalSection(ProjectConfigurationPlatforms) = postSolution
		{D7BCB220-D574-4DF4-B215-8B5FEB5E322E}.Debug|Any CPU.ActiveCfg = Debug|Any CPU
		{D7BCB220-D574-4DF4-B215-8B5FEB5E322E}.Debug|Any CPU.Build.0 = Debug|Any CPU
		{D7BCB220-D574-4DF4-B215-8B5FEB5E322E}.Release|Any CPU.ActiveCfg = Release|Any CPU
		{D7BCB220-D574-4DF4-B215-8B5FEB5E322E}.Release|Any CPU.Build.0 = Release|Any CPU
		{A345D83F-54D9-447F-9825-78F74EABD1AB}.Debug|Any CPU.ActiveCfg = Debug|Any CPU
		{A345D83F-54D9-447F-9825-78F74EABD1AB}.Debug|Any CPU.Build.0 = Debug|Any CPU
		{A345D83F-54D9-447F-9825-78F74EABD1AB}.Release|Any CPU.ActiveCfg = Release|Any CPU
		{A345D83F-54D9-447F-9825-78F74EABD1AB}.Release|Any CPU.Build.0 = Release|Any CPU
	EndGlobalSection
	GlobalSection(SolutionProperties) = preSolution
		HideSolutionNode = FALSE
	EndGlobalSection
	GlobalSection(ExtensibilityGlobals) = postSolution
		SolutionGuid = {42F93B97-00BE-43D3-A840-170893C7EB57}
	EndGlobalSection
EndGlobal
